
Microsoft Visual Studio Solution File, Format Version 12.00
# Visual Studio Version 17
VisualStudioVersion = 17.4.33205.214
MinimumVisualStudioVersion = 10.0.40219.1
Project("{FAE04EC0-301F-11D3-BF4B-00C04F79EFBC}") = "AccountOwnerServer", "AccountOwnerServer\AccountOwnerServer.csproj", "{D8E1C91E-D975-45EB-B0F1-B0AA0D5B45D7}"
EndProject
Project("{FAE04EC0-301F-11D3-BF4B-00C04F79EFBC}") = "Contracts", "Contracts\Contracts.csproj", "{5385EC41-0093-4B4F-A17B-4D78F3789543}"
EndProject
Project("{FAE04EC0-301F-11D3-BF4B-00C04F79EFBC}") = "LoggerService", "LoggerService\LoggerService.csproj", "{7C73A7D3-4E44-4F6C-92CB-A0980A81A0D2}"
EndProject
Global
	GlobalSection(SolutionConfigurationPlatforms) = preSolution
		Debug|Any CPU = Debug|Any CPU
		Release|Any CPU = Release|Any CPU
	EndGlobalSection
	GlobalSection(ProjectConfigurationPlatforms) = postSolution
		{D8E1C91E-D975-45EB-B0F1-B0AA0D5B45D7}.Debug|Any CPU.ActiveCfg = Debug|Any CPU
		{D8E1C91E-D975-45EB-B0F1-B0AA0D5B45D7}.Debug|Any CPU.Build.0 = Debug|Any CPU
		{D8E1C91E-D975-45EB-B0F1-B0AA0D5B45D7}.Release|Any CPU.ActiveCfg = Release|Any CPU
		{D8E1C91E-D975-45EB-B0F1-B0AA0D5B45D7}.Release|Any CPU.Build.0 = Release|Any CPU
		{5385EC41-0093-4B4F-A17B-4D78F3789543}.Debug|Any CPU.ActiveCfg = Debug|Any CPU
		{5385EC41-0093-4B4F-A17B-4D78F3789543}.Debug|Any CPU.Build.0 = Debug|Any CPU
		{5385EC41-0093-4B4F-A17B-4D78F3789543}.Release|Any CPU.ActiveCfg = Release|Any CPU
		{5385EC41-0093-4B4F-A17B-4D78F3789543}.Release|Any CPU.Build.0 = Release|Any CPU
		{7C73A7D3-4E44-4F6C-92CB-A0980A81A0D2}.Debug|Any CPU.ActiveCfg = Debug|Any CPU
		{7C73A7D3-4E44-4F6C-92CB-A0980A81A0D2}.Debug|Any CPU.Build.0 = Debug|Any CPU
		{7C73A7D3-4E44-4F6C-92CB-A0980A81A0D2}.Release|Any CPU.ActiveCfg = Release|Any CPU
		{7C73A7D3-4E44-4F6C-92CB-A0980A81A0D2}.Release|Any CPU.Build.0 = Release|Any CPU
	EndGlobalSection
	GlobalSection(SolutionProperties) = preSolution
		HideSolutionNode = FALSE
	EndGlobalSection
	GlobalSection(ExtensibilityGlobals) = postSolution
		SolutionGuid = {56C83A74-23D9-4C21-A721-4F2FA1A87615}
	EndGlobalSection
EndGlobal
